
Microsoft Visual Studio Solution File, Format Version 12.00
# Visual Studio Version 17
VisualStudioVersion = 17.5.002.0
MinimumVisualStudioVersion = 10.0.40219.1
Project("{9A19103F-16F7-4668-BE54-9A1E7A4F7556}") = "Calculator", "Calculator.csproj", "{FB443A4C-A88A-40E5-B1E3-2B23AF459BBB}"
EndProject
Global
	GlobalSection(SolutionConfigurationPlatforms) = preSolution
		Debug|Any CPU = Debug|Any CPU
		Release|Any CPU = Release|Any CPU
	EndGlobalSection
	GlobalSection(ProjectConfigurationPlatforms) = postSolution
		{FB443A4C-A88A-40E5-B1E3-2B23AF459BBB}.Debug|Any CPU.ActiveCfg = Debug|Any CPU
		{FB443A4C-A88A-40E5-B1E3-2B23AF459BBB}.Debug|Any CPU.Build.0 = Debug|Any CPU
		{FB443A4C-A88A-40E5-B1E3-2B23AF459BBB}.Release|Any CPU.ActiveCfg = Release|Any CPU
		{FB443A4C-A88A-40E5-B1E3-2B23AF459BBB}.Release|Any CPU.Build.0 = Release|Any CPU
	EndGlobalSection
	GlobalSection(SolutionProperties) = preSolution
		HideSolutionNode = FALSE
	EndGlobalSection
	GlobalSection(ExtensibilityGlobals) = postSolution
		SolutionGuid = {5325F7EA-0705-46D8-B644-17A546ADF08E}
	EndGlobalSection
EndGlobal
